// !$*UTF8*$!
{
	archiveVersion = 1;
	classes = {
	};
	objectVersion = 46;
	objects = {

/* Begin PBXBuildFile section */
		054C3DF91ACD084800FC8602 /* AppDelegate.swift in Sources */ = {isa = PBXBuildFile; fileRef = 054C3DF81ACD084800FC8602 /* AppDelegate.swift */; };
		054C3DFB1ACD084800FC8602 /* ViewController.swift in Sources */ = {isa = PBXBuildFile; fileRef = 054C3DFA1ACD084800FC8602 /* ViewController.swift */; };
		054C3DFE1ACD084800FC8602 /* Main.storyboard in Resources */ = {isa = PBXBuildFile; fileRef = 054C3DFC1ACD084800FC8602 /* Main.storyboard */; };
		054C3E001ACD084800FC8602 /* Images.xcassets in Resources */ = {isa = PBXBuildFile; fileRef = 054C3DFF1ACD084800FC8602 /* Images.xcassets */; };
		054C3E031ACD084800FC8602 /* LaunchScreen.xib in Resources */ = {isa = PBXBuildFile; fileRef = 054C3E011ACD084800FC8602 /* LaunchScreen.xib */; };
		054C3E0F1ACD084800FC8602 /* RegionsTests.swift in Sources */ = {isa = PBXBuildFile; fileRef = 054C3E0E1ACD084800FC8602 /* RegionsTests.swift */; };
/* End PBXBuildFile section */

/* Begin PBXContainerItemProxy section */
		054C3E091ACD084800FC8602 /* PBXContainerItemProxy */ = {
			isa = PBXContainerItemProxy;
			containerPortal = 054C3DEB1ACD084800FC8602 /* Project object */;
			proxyType = 1;
			remoteGlobalIDString = 054C3DF21ACD084800FC8602;
			remoteInfo = Regions;
		};
/* End PBXContainerItemProxy section */

/* Begin PBXFileReference section */
		054C3DF31ACD084800FC8602 /* Regions.app */ = {isa = PBXFileReference; explicitFileType = wrapper.application; includeInIndex = 0; path = Regions.app; sourceTree = BUILT_PRODUCTS_DIR; };
		054C3DF71ACD084800FC8602 /* Info.plist */ = {isa = PBXFileReference; lastKnownFileType = text.plist.xml; path = Info.plist; sourceTree = "<group>"; };
		054C3DF81ACD084800FC8602 /* AppDelegate.swift */ = {isa = PBXFileReference; lastKnownFileType = sourcecode.swift; path = AppDelegate.swift; sourceTree = "<group>"; };
		054C3DFA1ACD084800FC8602 /* ViewController.swift */ = {isa = PBXFileReference; lastKnownFileType = sourcecode.swift; path = ViewController.swift; sourceTree = "<group>"; };
		054C3DFD1ACD084800FC8602 /* Base */ = {isa = PBXFileReference; lastKnownFileType = file.storyboard; name = Base; path = Base.lproj/Main.storyboard; sourceTree = "<group>"; };
		054C3DFF1ACD084800FC8602 /* Images.xcassets */ = {isa = PBXFileReference; lastKnownFileType = folder.assetcatalog; path = Images.xcassets; sourceTree = "<group>"; };
		054C3E021ACD084800FC8602 /* Base */ = {isa = PBXFileReference; lastKnownFileType = file.xib; name = Base; path = Base.lproj/LaunchScreen.xib; sourceTree = "<group>"; };
		054C3E081ACD084800FC8602 /* RegionsTests.xctest */ = {isa = PBXFileReference; explicitFileType = wrapper.cfbundle; includeInIndex = 0; path = RegionsTests.xctest; sourceTree = BUILT_PRODUCTS_DIR; };
		054C3E0D1ACD084800FC8602 /* Info.plist */ = {isa = PBXFileReference; lastKnownFileType = text.plist.xml; path = Info.plist; sourceTree = "<group>"; };
		054C3E0E1ACD084800FC8602 /* RegionsTests.swift */ = {isa = PBXFileReference; lastKnownFileType = sourcecode.swift; path = RegionsTests.swift; sourceTree = "<group>"; };
/* End PBXFileReference section */

/* Begin PBXFrameworksBuildPhase section */
		054C3DF01ACD084800FC8602 /* Frameworks */ = {
			isa = PBXFrameworksBuildPhase;
			buildActionMask = 2147483647;
			files = (
			);
			runOnlyForDeploymentPostprocessing = 0;
		};
		054C3E051ACD084800FC8602 /* Frameworks */ = {
			isa = PBXFrameworksBuildPhase;
			buildActionMask = 2147483647;
			files = (
			);
			runOnlyForDeploymentPostprocessing = 0;
		};
/* End PBXFrameworksBuildPhase section */

/* Begin PBXGroup section */
		054C3DEA1ACD084800FC8602 = {
			isa = PBXGroup;
			children = (
				054C3DF51ACD084800FC8602 /* Regions */,
				054C3E0B1ACD084800FC8602 /* RegionsTests */,
				054C3DF41ACD084800FC8602 /* Products */,
			);
			sourceTree = "<group>";
		};
		054C3DF41ACD084800FC8602 /* Products */ = {
			isa = PBXGroup;
			children = (
				054C3DF31ACD084800FC8602 /* Regions.app */,
				054C3E081ACD084800FC8602 /* RegionsTests.xctest */,
			);
			name = Products;
			sourceTree = "<group>";
		};
		054C3DF51ACD084800FC8602 /* Regions */ = {
			isa = PBXGroup;
			children = (
				054C3DF81ACD084800FC8602 /* AppDelegate.swift */,
				054C3DFA1ACD084800FC8602 /* ViewController.swift */,
				054C3DFC1ACD084800FC8602 /* Main.storyboard */,
				054C3DFF1ACD084800FC8602 /* Images.xcassets */,
				054C3E011ACD084800FC8602 /* LaunchScreen.xib */,
				054C3DF61ACD084800FC8602 /* Supporting Files */,
			);
			path = Regions;
			sourceTree = "<group>";
		};
		054C3DF61ACD084800FC8602 /* Supporting Files */ = {
			isa = PBXGroup;
			children = (
				054C3DF71ACD084800FC8602 /* Info.plist */,
			);
			name = "Supporting Files";
			sourceTree = "<group>";
		};
		054C3E0B1ACD084800FC8602 /* RegionsTests */ = {
			isa = PBXGroup;
			children = (
				054C3E0E1ACD084800FC8602 /* RegionsTests.swift */,
				054C3E0C1ACD084800FC8602 /* Supporting Files */,
			);
			path = RegionsTests;
			sourceTree = "<group>";
		};
		054C3E0C1ACD084800FC8602 /* Supporting Files */ = {
			isa = PBXGroup;
			children = (
				054C3E0D1ACD084800FC8602 /* Info.plist */,
			);
			name = "Supporting Files";
			sourceTree = "<group>";
		};
/* End PBXGroup section */

/* Begin PBXNativeTarget section */
		054C3DF21ACD084800FC8602 /* Regions */ = {
			isa = PBXNativeTarget;
			buildConfigurationList = 054C3E121ACD084800FC8602 /* Build configuration list for PBXNativeTarget "Regions" */;
			buildPhases = (
				054C3DEF1ACD084800FC8602 /* Sources */,
				054C3DF01ACD084800FC8602 /* Frameworks */,
				054C3DF11ACD084800FC8602 /* Resources */,
			);
			buildRules = (
			);
			dependencies = (
			);
			name = Regions;
			productName = Regions;
			productReference = 054C3DF31ACD084800FC8602 /* Regions.app */;
			productType = "com.apple.product-type.application";
		};
		054C3E071ACD084800FC8602 /* RegionsTests */ = {
			isa = PBXNativeTarget;
			buildConfigurationList = 054C3E151ACD084800FC8602 /* Build configuration list for PBXNativeTarget "RegionsTests" */;
			buildPhases = (
				054C3E041ACD084800FC8602 /* Sources */,
				054C3E051ACD084800FC8602 /* Frameworks */,
				054C3E061ACD084800FC8602 /* Resources */,
			);
			buildRules = (
			);
			dependencies = (
				054C3E0A1ACD084800FC8602 /* PBXTargetDependency */,
			);
			name = RegionsTests;
			productName = RegionsTests;
			productReference = 054C3E081ACD084800FC8602 /* RegionsTests.xctest */;
			productType = "com.apple.product-type.bundle.unit-test";
		};
/* End PBXNativeTarget section */

/* Begin PBXProject section */
		054C3DEB1ACD084800FC8602 /* Project object */ = {
			isa = PBXProject;
			attributes = {
				LastUpgradeCheck = 0630;
				ORGANIZATIONNAME = gnos.us;
				TargetAttributes = {
					054C3DF21ACD084800FC8602 = {
						CreatedOnToolsVersion = 6.3;
					};
					054C3E071ACD084800FC8602 = {
						CreatedOnToolsVersion = 6.3;
						TestTargetID = 054C3DF21ACD084800FC8602;
					};
				};
			};
			buildConfigurationList = 054C3DEE1ACD084800FC8602 /* Build configuration list for PBXProject "Regions" */;
			compatibilityVersion = "Xcode 3.2";
			developmentRegion = English;
			hasScannedForEncodings = 0;
			knownRegions = (
				en,
				Base,
			);
			mainGroup = 054C3DEA1ACD084800FC8602;
			productRefGroup = 054C3DF41ACD084800FC8602 /* Products */;
			projectDirPath = "";
			projectRoot = "";
			targets = (
				054C3DF21ACD084800FC8602 /* Regions */,
				054C3E071ACD084800FC8602 /* RegionsTests */,
			);
		};
/* End PBXProject section */

/* Begin PBXResourcesBuildPhase section */
		054C3DF11ACD084800FC8602 /* Resources */ = {
			isa = PBXResourcesBuildPhase;
			buildActionMask = 2147483647;
			files = (
				054C3DFE1ACD084800FC8602 /* Main.storyboard in Resources */,
				054C3E031ACD084800FC8602 /* LaunchScreen.xib in Resources */,
				054C3E001ACD084800FC8602 /* Images.xcassets in Resources */,
			);
			runOnlyForDeploymentPostprocessing = 0;
		};
		054C3E061ACD084800FC8602 /* Resources */ = {
			isa = PBXResourcesBuildPhase;
			buildActionMask = 2147483647;
			files = (
			);
			runOnlyForDeploymentPostprocessing = 0;
		};
/* End PBXResourcesBuildPhase section */

/* Begin PBXSourcesBuildPhase section */
		054C3DEF1ACD084800FC8602 /* Sources */ = {
			isa = PBXSourcesBuildPhase;
			buildActionMask = 2147483647;
			files = (
				054C3DFB1ACD084800FC8602 /* ViewController.swift in Sources */,
				054C3DF91ACD084800FC8602 /* AppDelegate.swift in Sources */,
			);
			runOnlyForDeploymentPostprocessing = 0;
		};
		054C3E041ACD084800FC8602 /* Sources */ = {
			isa = PBXSourcesBuildPhase;
			buildActionMask = 2147483647;
			files = (
				054C3E0F1ACD084800FC8602 /* RegionsTests.swift in Sources */,
			);
			runOnlyForDeploymentPostprocessing = 0;
		};
/* End PBXSourcesBuildPhase section */

/* Begin PBXTargetDependency section */
		054C3E0A1ACD084800FC8602 /* PBXTargetDependency */ = {
			isa = PBXTargetDependency;
			target = 054C3DF21ACD084800FC8602 /* Regions */;
			targetProxy = 054C3E091ACD084800FC8602 /* PBXContainerItemProxy */;
		};
/* End PBXTargetDependency section */

/* Begin PBXVariantGroup section */
		054C3DFC1ACD084800FC8602 /* Main.storyboard */ = {
			isa = PBXVariantGroup;
			children = (
				054C3DFD1ACD084800FC8602 /* Base */,
			);
			name = Main.storyboard;
			sourceTree = "<group>";
		};
		054C3E011ACD084800FC8602 /* LaunchScreen.xib */ = {
			isa = PBXVariantGroup;
			children = (
				054C3E021ACD084800FC8602 /* Base */,
			);
			name = LaunchScreen.xib;
			sourceTree = "<group>";
		};
/* End PBXVariantGroup section */

/* Begin XCBuildConfiguration section */
		054C3E101ACD084800FC8602 /* Debug */ = {
			isa = XCBuildConfiguration;
			buildSettings = {
				ALWAYS_SEARCH_USER_PATHS = NO;
				CLANG_CXX_LANGUAGE_STANDARD = "gnu++0x";
				CLANG_CXX_LIBRARY = "libc++";
				CLANG_ENABLE_MODULES = YES;
				CLANG_ENABLE_OBJC_ARC = YES;
				CLANG_WARN_BOOL_CONVERSION = YES;
				CLANG_WARN_CONSTANT_CONVERSION = YES;
				CLANG_WARN_DIRECT_OBJC_ISA_USAGE = YES_ERROR;
				CLANG_WARN_EMPTY_BODY = YES;
				CLANG_WARN_ENUM_CONVERSION = YES;
				CLANG_WARN_INT_CONVERSION = YES;
				CLANG_WARN_OBJC_ROOT_CLASS = YES_ERROR;
				CLANG_WARN_UNREACHABLE_CODE = YES;
				CLANG_WARN__DUPLICATE_METHOD_MATCH = YES;
				"CODE_SIGN_IDENTITY[sdk=iphoneos*]" = "iPhone Developer";
				COPY_PHASE_STRIP = NO;
				DEBUG_INFORMATION_FORMAT = "dwarf-with-dsym";
				ENABLE_STRICT_OBJC_MSGSEND = YES;
				GCC_C_LANGUAGE_STANDARD = gnu99;
				GCC_DYNAMIC_NO_PIC = NO;
				GCC_NO_COMMON_BLOCKS = YES;
				GCC_OPTIMIZATION_LEVEL = 0;
				GCC_PREPROCESSOR_DEFINITIONS = (
					"DEBUG=1",
					"$(inherited)",
				);
				GCC_SYMBOLS_PRIVATE_EXTERN = NO;
				GCC_WARN_64_TO_32_BIT_CONVERSION = YES;
				GCC_WARN_ABOUT_RETURN_TYPE = YES_ERROR;
				GCC_WARN_UNDECLARED_SELECTOR = YES;
				GCC_WARN_UNINITIALIZED_AUTOS = YES_AGGRESSIVE;
				GCC_WARN_UNUSED_FUNCTION = YES;
				GCC_WARN_UNUSED_VARIABLE = YES;
				IPHONEOS_DEPLOYMENT_TARGET = 8.3;
				MTL_ENABLE_DEBUG_INFO = YES;
				ONLY_ACTIVE_ARCH = YES;
				SDKROOT = iphoneos;
				SWIFT_OPTIMIZATION_LEVEL = "-Onone";
			};
			name = Debug;
		};
		054C3E111ACD084800FC8602 /* Release */ = {
			isa = XCBuildConfiguration;
			buildSettings = {
				ALWAYS_SEARCH_USER_PATHS = NO;
				CLANG_CXX_LANGUAGE_STANDARD = "gnu++0x";
				CLANG_CXX_LIBRARY = "libc++";
				CLANG_ENABLE_MODULES = YES;
				CLANG_ENABLE_OBJC_ARC = YES;
				CLANG_WARN_BOOL_CONVERSION = YES;
				CLANG_WARN_CONSTANT_CONVERSION = YES;
				CLANG_WARN_DIRECT_OBJC_ISA_USAGE = YES_ERROR;
				CLANG_WARN_EMPTY_BODY = YES;
				CLANG_WARN_ENUM_CONVERSION = YES;
				CLANG_WARN_INT_CONVERSION = YES;
				CLANG_WARN_OBJC_ROOT_CLASS = YES_ERROR;
				CLANG_WARN_UNREACHABLE_CODE = YES;
				CLANG_WARN__DUPLICATE_METHOD_MATCH = YES;
				"CODE_SIGN_IDENTITY[sdk=iphoneos*]" = "iPhone Developer";
				COPY_PHASE_STRIP = NO;
				DEBUG_INFORMATION_FORMAT = "dwarf-with-dsym";
				ENABLE_NS_ASSERTIONS = NO;
				ENABLE_STRICT_OBJC_MSGSEND = YES;
				GCC_C_LANGUAGE_STANDARD = gnu99;
				GCC_NO_COMMON_BLOCKS = YES;
				GCC_WARN_64_TO_32_BIT_CONVERSION = YES;
				GCC_WARN_ABOUT_RETURN_TYPE = YES_ERROR;
				GCC_WARN_UNDECLARED_SELECTOR = YES;
				GCC_WARN_UNINITIALIZED_AUTOS = YES_AGGRESSIVE;
				GCC_WARN_UNUSED_FUNCTION = YES;
				GCC_WARN_UNUSED_VARIABLE = YES;
				IPHONEOS_DEPLOYMENT_TARGET = 8.3;
				MTL_ENABLE_DEBUG_INFO = NO;
				SDKROOT = iphoneos;
				VALIDATE_PRODUCT = YES;
			};
			name = Release;
		};
		054C3E131ACD084800FC8602 /* Debug */ = {
			isa = XCBuildConfiguration;
			buildSettings = {
				ASSETCATALOG_COMPILER_APPICON_NAME = AppIcon;
				INFOPLIST_FILE = Regions/Info.plist;
				LD_RUNPATH_SEARCH_PATHS = "$(inherited) @executable_path/Frameworks";
				PRODUCT_NAME = "$(TARGET_NAME)";
			};
			name = Debug;
		};
		054C3E141ACD084800FC8602 /* Release */ = {
			isa = XCBuildConfiguration;
			buildSettings = {
				ASSETCATALOG_COMPILER_APPICON_NAME = AppIcon;
				INFOPLIST_FILE = Regions/Info.plist;
				LD_RUNPATH_SEARCH_PATHS = "$(inherited) @executable_path/Frameworks";
				PRODUCT_NAME = "$(TARGET_NAME)";
			};
			name = Release;
		};
		054C3E161ACD084800FC8602 /* Debug */ = {
			isa = XCBuildConfiguration;
			buildSettings = {
				BUNDLE_LOADER = "$(TEST_HOST)";
				FRAMEWORK_SEARCH_PATHS = (
					"$(SDKROOT)/Developer/Library/Frameworks",
					"$(inherited)",
				);
				GCC_PREPROCESSOR_DEFINITIONS = (
					"DEBUG=1",
					"$(inherited)",
				);
				INFOPLIST_FILE = RegionsTests/Info.plist;
				LD_RUNPATH_SEARCH_PATHS = "$(inherited) @executable_path/Frameworks @loader_path/Frameworks";
				PRODUCT_NAME = "$(TARGET_NAME)";
				TEST_HOST = "$(BUILT_PRODUCTS_DIR)/Regions.app/Regions";
			};
			name = Debug;
		};
		054C3E171ACD084800FC8602 /* Release */ = {
			isa = XCBuildConfiguration;
			buildSettings = {
				BUNDLE_LOADER = "$(TEST_HOST)";
				FRAMEWORK_SEARCH_PATHS = (
					"$(SDKROOT)/Developer/Library/Frameworks",
					"$(inherited)",
				);
				INFOPLIST_FILE = RegionsTests/Info.plist;
				LD_RUNPATH_SEARCH_PATHS = "$(inherited) @executable_path/Frameworks @loader_path/Frameworks";
				PRODUCT_NAME = "$(TARGET_NAME)";
				TEST_HOST = "$(BUILT_PRODUCTS_DIR)/Regions.app/Regions";
			};
			name = Release;
		};
/* End XCBuildConfiguration section */

/* Begin XCConfigurationList section */
		054C3DEE1ACD084800FC8602 /* Build configuration list for PBXProject "Regions" */ = {
			isa = XCConfigurationList;
			buildConfigurations = (
				054C3E101ACD084800FC8602 /* Debug */,
				054C3E111ACD084800FC8602 /* Release */,
			);
			defaultConfigurationIsVisible = 0;
			defaultConfigurationName = Release;
		};
		054C3E121ACD084800FC8602 /* Build configuration list for PBXNativeTarget "Regions" */ = {
			isa = XCConfigurationList;
			buildConfigurations = (
				054C3E131ACD084800FC8602 /* Debug */,
				054C3E141ACD084800FC8602 /* Release */,
			);
			defaultConfigurationIsVisible = 0;
		};
		054C3E151ACD084800FC8602 /* Build configuration list for PBXNativeTarget "RegionsTests" */ = {
			isa = XCConfigurationList;
			buildConfigurations = (
				054C3E161ACD084800FC8602 /* Debug */,
				054C3E171ACD084800FC8602 /* Release */,
			);
			defaultConfigurationIsVisible = 0;
		};
/* End XCConfigurationList section */
	};
	rootObject = 054C3DEB1ACD084800FC8602 /* Project object */;
}
