PODS:
  - FutureLocation (0.1.0):
    - SimpleFutures (~> 0.1)
  - SimpleFutures (0.1.0)

DEPENDENCIES:
  - FutureLocation (from `../..`)

EXTERNAL SOURCES:
  FutureLocation:
    :path: "../.."

SPEC CHECKSUMS:
  FutureLocation: 96216f277624713e21ae720ee75d6d8ad258cf93
  SimpleFutures: 2af2bda8562edeea932628021073d751824a6f28

PODFILE CHECKSUM: 0e64f537eff43ec253b773545dfa72f148e5317f

COCOAPODS: 1.0.0
