PODS:
  - FutureLocation (0.1.0):
    - SimpleFutures (~> 0.1)
  - SimpleFutures (0.1.1)

DEPENDENCIES:
  - FutureLocation (~> 0.1)

SPEC CHECKSUMS:
  FutureLocation: 96216f277624713e21ae720ee75d6d8ad258cf93
  SimpleFutures: 35203f5609915fbc5b63dde00f11eba5a5470ade

PODFILE CHECKSUM: cb6fa51beb88bce65e56d81aa303dc0ccb7d1fcc

COCOAPODS: 1.0.0
