// !$*UTF8*$!
{
	archiveVersion = 1;
	classes = {
	};
	objectVersion = 46;
	objects = {

/* Begin PBXBuildFile section */
		05F0EBA41CF74E3800468FC9 /* BeaconManagerTests.swift in Sources */ = {isa = PBXBuildFile; fileRef = 05F0EBA01CF74E3800468FC9 /* BeaconManagerTests.swift */; };
		05F0EBA51CF74E3800468FC9 /* LocationManagerTests.swift in Sources */ = {isa = PBXBuildFile; fileRef = 05F0EBA11CF74E3800468FC9 /* LocationManagerTests.swift */; };
		05F0EBA61CF74E3800468FC9 /* Mocks.swift in Sources */ = {isa = PBXBuildFile; fileRef = 05F0EBA21CF74E3800468FC9 /* Mocks.swift */; };
		05F0EBA71CF74E3800468FC9 /* RegionManagerTests.swift in Sources */ = {isa = PBXBuildFile; fileRef = 05F0EBA31CF74E3800468FC9 /* RegionManagerTests.swift */; };
		3AD6B3AEF6559660067AD6F7 /* Pods_FutureLocationTests.framework in Frameworks */ = {isa = PBXBuildFile; fileRef = DC3C1A2EFAAA8DBA90F615DA /* Pods_FutureLocationTests.framework */; };
/* End PBXBuildFile section */

/* Begin PBXFileReference section */
		05E9B2821CF2CCFF003AF75D /* FutureLocationTests.xctest */ = {isa = PBXFileReference; explicitFileType = wrapper.cfbundle; includeInIndex = 0; path = FutureLocationTests.xctest; sourceTree = BUILT_PRODUCTS_DIR; };
		05EB02111CF4A9D10048391F /* Info.plist */ = {isa = PBXFileReference; fileEncoding = 4; lastKnownFileType = text.plist.xml; path = Info.plist; sourceTree = SOURCE_ROOT; };
		05F0EBA01CF74E3800468FC9 /* BeaconManagerTests.swift */ = {isa = PBXFileReference; fileEncoding = 4; lastKnownFileType = sourcecode.swift; name = BeaconManagerTests.swift; path = FutureLocationTests/BeaconManagerTests.swift; sourceTree = SOURCE_ROOT; };
		05F0EBA11CF74E3800468FC9 /* LocationManagerTests.swift */ = {isa = PBXFileReference; fileEncoding = 4; lastKnownFileType = sourcecode.swift; name = LocationManagerTests.swift; path = FutureLocationTests/LocationManagerTests.swift; sourceTree = SOURCE_ROOT; };
		05F0EBA21CF74E3800468FC9 /* Mocks.swift */ = {isa = PBXFileReference; fileEncoding = 4; lastKnownFileType = sourcecode.swift; name = Mocks.swift; path = FutureLocationTests/Mocks.swift; sourceTree = SOURCE_ROOT; };
		05F0EBA31CF74E3800468FC9 /* RegionManagerTests.swift */ = {isa = PBXFileReference; fileEncoding = 4; lastKnownFileType = sourcecode.swift; name = RegionManagerTests.swift; path = FutureLocationTests/RegionManagerTests.swift; sourceTree = SOURCE_ROOT; };
		973FFBF3AA71DE728832F84E /* Pods-FutureLocationTests.debug.xcconfig */ = {isa = PBXFileReference; includeInIndex = 1; lastKnownFileType = text.xcconfig; name = "Pods-FutureLocationTests.debug.xcconfig"; path = "Pods/Target Support Files/Pods-FutureLocationTests/Pods-FutureLocationTests.debug.xcconfig"; sourceTree = "<group>"; };
		DC3C1A2EFAAA8DBA90F615DA /* Pods_FutureLocationTests.framework */ = {isa = PBXFileReference; explicitFileType = wrapper.framework; includeInIndex = 0; path = Pods_FutureLocationTests.framework; sourceTree = BUILT_PRODUCTS_DIR; };
		EA9EC679F7CAA99159CB7E01 /* Pods-FutureLocationTests.release.xcconfig */ = {isa = PBXFileReference; includeInIndex = 1; lastKnownFileType = text.xcconfig; name = "Pods-FutureLocationTests.release.xcconfig"; path = "Pods/Target Support Files/Pods-FutureLocationTests/Pods-FutureLocationTests.release.xcconfig"; sourceTree = "<group>"; };
/* End PBXFileReference section */

/* Begin PBXFrameworksBuildPhase section */
		05E9B27F1CF2CCFF003AF75D /* Frameworks */ = {
			isa = PBXFrameworksBuildPhase;
			buildActionMask = 2147483647;
			files = (
				3AD6B3AEF6559660067AD6F7 /* Pods_FutureLocationTests.framework in Frameworks */,
			);
			runOnlyForDeploymentPostprocessing = 0;
		};
/* End PBXFrameworksBuildPhase section */

/* Begin PBXGroup section */
		05E9B26E1CF2CCFF003AF75D = {
			isa = PBXGroup;
			children = (
				05E9B2861CF2CCFF003AF75D /* FutureLocationTests */,
				05E9B2791CF2CCFF003AF75D /* Products */,
				1F290C033B1437A7275799D3 /* Pods */,
				A79FC736D2129F3A3EF76D93 /* Frameworks */,
			);
			sourceTree = "<group>";
		};
		05E9B2791CF2CCFF003AF75D /* Products */ = {
			isa = PBXGroup;
			children = (
				05E9B2821CF2CCFF003AF75D /* FutureLocationTests.xctest */,
			);
			name = Products;
			sourceTree = "<group>";
		};
		05E9B2861CF2CCFF003AF75D /* FutureLocationTests */ = {
			isa = PBXGroup;
			children = (
				05F0EBA01CF74E3800468FC9 /* BeaconManagerTests.swift */,
				05F0EBA11CF74E3800468FC9 /* LocationManagerTests.swift */,
				05F0EBA21CF74E3800468FC9 /* Mocks.swift */,
				05F0EBA31CF74E3800468FC9 /* RegionManagerTests.swift */,
				05E9B2EB1CF40F4B003AF75D /* Supporting Files */,
			);
			name = FutureLocationTests;
			path = FutureLocationTestsTests;
			sourceTree = "<group>";
		};
		05E9B2EB1CF40F4B003AF75D /* Supporting Files */ = {
			isa = PBXGroup;
			children = (
				05EB02111CF4A9D10048391F /* Info.plist */,
			);
			name = "Supporting Files";
			sourceTree = "<group>";
		};
		1F290C033B1437A7275799D3 /* Pods */ = {
			isa = PBXGroup;
			children = (
				973FFBF3AA71DE728832F84E /* Pods-FutureLocationTests.debug.xcconfig */,
				EA9EC679F7CAA99159CB7E01 /* Pods-FutureLocationTests.release.xcconfig */,
			);
			name = Pods;
			sourceTree = "<group>";
		};
		A79FC736D2129F3A3EF76D93 /* Frameworks */ = {
			isa = PBXGroup;
			children = (
				DC3C1A2EFAAA8DBA90F615DA /* Pods_FutureLocationTests.framework */,
			);
			name = Frameworks;
			sourceTree = "<group>";
		};
/* End PBXGroup section */

/* Begin PBXNativeTarget section */
		05E9B2811CF2CCFF003AF75D /* FutureLocationTests */ = {
			isa = PBXNativeTarget;
			buildConfigurationList = 05E9B28F1CF2CCFF003AF75D /* Build configuration list for PBXNativeTarget "FutureLocationTests" */;
			buildPhases = (
				B60BA5B89EB0B691569D9769 /* 📦 Check Pods Manifest.lock */,
				05E9B27E1CF2CCFF003AF75D /* Sources */,
				05E9B27F1CF2CCFF003AF75D /* Frameworks */,
				05E9B2801CF2CCFF003AF75D /* Resources */,
				497D44098F51C6E0193F1200 /* 📦 Embed Pods Frameworks */,
				EAA0B2706A88E6603CA7D11D /* 📦 Copy Pods Resources */,
			);
			buildRules = (
			);
			dependencies = (
			);
			name = FutureLocationTests;
			productName = FutureLocationTestsTests;
			productReference = 05E9B2821CF2CCFF003AF75D /* FutureLocationTests.xctest */;
			productType = "com.apple.product-type.bundle.unit-test";
		};
/* End PBXNativeTarget section */

/* Begin PBXProject section */
		05E9B26F1CF2CCFF003AF75D /* Project object */ = {
			isa = PBXProject;
			attributes = {
				LastSwiftUpdateCheck = 0730;
				LastUpgradeCheck = 0730;
				ORGANIZATIONNAME = "Troy Stribling";
				TargetAttributes = {
					05E9B2811CF2CCFF003AF75D = {
						CreatedOnToolsVersion = 7.3.1;
					};
				};
			};
			buildConfigurationList = 05E9B2721CF2CCFF003AF75D /* Build configuration list for PBXProject "FutureLocationTests" */;
			compatibilityVersion = "Xcode 3.2";
			developmentRegion = English;
			hasScannedForEncodings = 0;
			knownRegions = (
				en,
			);
			mainGroup = 05E9B26E1CF2CCFF003AF75D;
			productRefGroup = 05E9B2791CF2CCFF003AF75D /* Products */;
			projectDirPath = "";
			projectRoot = "";
			targets = (
				05E9B2811CF2CCFF003AF75D /* FutureLocationTests */,
			);
		};
/* End PBXProject section */

/* Begin PBXResourcesBuildPhase section */
		05E9B2801CF2CCFF003AF75D /* Resources */ = {
			isa = PBXResourcesBuildPhase;
			buildActionMask = 2147483647;
			files = (
			);
			runOnlyForDeploymentPostprocessing = 0;
		};
/* End PBXResourcesBuildPhase section */

/* Begin PBXShellScriptBuildPhase section */
		497D44098F51C6E0193F1200 /* 📦 Embed Pods Frameworks */ = {
			isa = PBXShellScriptBuildPhase;
			buildActionMask = 2147483647;
			files = (
			);
			inputPaths = (
			);
			name = "📦 Embed Pods Frameworks";
			outputPaths = (
			);
			runOnlyForDeploymentPostprocessing = 0;
			shellPath = /bin/sh;
			shellScript = "\"${SRCROOT}/Pods/Target Support Files/Pods-FutureLocationTests/Pods-FutureLocationTests-frameworks.sh\"\n";
			showEnvVarsInLog = 0;
		};
		B60BA5B89EB0B691569D9769 /* 📦 Check Pods Manifest.lock */ = {
			isa = PBXShellScriptBuildPhase;
			buildActionMask = 2147483647;
			files = (
			);
			inputPaths = (
			);
			name = "📦 Check Pods Manifest.lock";
			outputPaths = (
			);
			runOnlyForDeploymentPostprocessing = 0;
			shellPath = /bin/sh;
			shellScript = "diff \"${PODS_ROOT}/../Podfile.lock\" \"${PODS_ROOT}/Manifest.lock\" > /dev/null\nif [[ $? != 0 ]] ; then\n    cat << EOM\nerror: The sandbox is not in sync with the Podfile.lock. Run 'pod install' or update your CocoaPods installation.\nEOM\n    exit 1\nfi\n";
			showEnvVarsInLog = 0;
		};
		EAA0B2706A88E6603CA7D11D /* 📦 Copy Pods Resources */ = {
			isa = PBXShellScriptBuildPhase;
			buildActionMask = 2147483647;
			files = (
			);
			inputPaths = (
			);
			name = "📦 Copy Pods Resources";
			outputPaths = (
			);
			runOnlyForDeploymentPostprocessing = 0;
			shellPath = /bin/sh;
			shellScript = "\"${SRCROOT}/Pods/Target Support Files/Pods-FutureLocationTests/Pods-FutureLocationTests-resources.sh\"\n";
			showEnvVarsInLog = 0;
		};
/* End PBXShellScriptBuildPhase section */

/* Begin PBXSourcesBuildPhase section */
		05E9B27E1CF2CCFF003AF75D /* Sources */ = {
			isa = PBXSourcesBuildPhase;
			buildActionMask = 2147483647;
			files = (
				05F0EBA51CF74E3800468FC9 /* LocationManagerTests.swift in Sources */,
				05F0EBA71CF74E3800468FC9 /* RegionManagerTests.swift in Sources */,
				05F0EBA41CF74E3800468FC9 /* BeaconManagerTests.swift in Sources */,
				05F0EBA61CF74E3800468FC9 /* Mocks.swift in Sources */,
			);
			runOnlyForDeploymentPostprocessing = 0;
		};
/* End PBXSourcesBuildPhase section */

/* Begin XCBuildConfiguration section */
		05E9B28A1CF2CCFF003AF75D /* Debug */ = {
			isa = XCBuildConfiguration;
			buildSettings = {
				ALWAYS_SEARCH_USER_PATHS = NO;
				CLANG_ANALYZER_NONNULL = YES;
				CLANG_CXX_LANGUAGE_STANDARD = "gnu++0x";
				CLANG_CXX_LIBRARY = "libc++";
				CLANG_ENABLE_MODULES = YES;
				CLANG_ENABLE_OBJC_ARC = YES;
				CLANG_WARN_BOOL_CONVERSION = YES;
				CLANG_WARN_CONSTANT_CONVERSION = YES;
				CLANG_WARN_DIRECT_OBJC_ISA_USAGE = YES_ERROR;
				CLANG_WARN_EMPTY_BODY = YES;
				CLANG_WARN_ENUM_CONVERSION = YES;
				CLANG_WARN_INT_CONVERSION = YES;
				CLANG_WARN_OBJC_ROOT_CLASS = YES_ERROR;
				CLANG_WARN_UNREACHABLE_CODE = YES;
				CLANG_WARN__DUPLICATE_METHOD_MATCH = YES;
				"CODE_SIGN_IDENTITY[sdk=iphoneos*]" = "iPhone Developer";
				COPY_PHASE_STRIP = NO;
				CURRENT_PROJECT_VERSION = 1;
				DEBUG_INFORMATION_FORMAT = dwarf;
				ENABLE_STRICT_OBJC_MSGSEND = YES;
				ENABLE_TESTABILITY = YES;
				GCC_C_LANGUAGE_STANDARD = gnu99;
				GCC_DYNAMIC_NO_PIC = NO;
				GCC_NO_COMMON_BLOCKS = YES;
				GCC_OPTIMIZATION_LEVEL = 0;
				GCC_PREPROCESSOR_DEFINITIONS = (
					"DEBUG=1",
					"$(inherited)",
				);
				GCC_WARN_64_TO_32_BIT_CONVERSION = YES;
				GCC_WARN_ABOUT_RETURN_TYPE = YES_ERROR;
				GCC_WARN_UNDECLARED_SELECTOR = YES;
				GCC_WARN_UNINITIALIZED_AUTOS = YES_AGGRESSIVE;
				GCC_WARN_UNUSED_FUNCTION = YES;
				GCC_WARN_UNUSED_VARIABLE = YES;
				IPHONEOS_DEPLOYMENT_TARGET = 9.3;
				MTL_ENABLE_DEBUG_INFO = YES;
				ONLY_ACTIVE_ARCH = YES;
				SDKROOT = iphoneos;
				SWIFT_OPTIMIZATION_LEVEL = "-Onone";
				TARGETED_DEVICE_FAMILY = "1,2";
				VERSIONING_SYSTEM = "apple-generic";
				VERSION_INFO_PREFIX = "";
			};
			name = Debug;
		};
		05E9B28B1CF2CCFF003AF75D /* Release */ = {
			isa = XCBuildConfiguration;
			buildSettings = {
				ALWAYS_SEARCH_USER_PATHS = NO;
				CLANG_ANALYZER_NONNULL = YES;
				CLANG_CXX_LANGUAGE_STANDARD = "gnu++0x";
				CLANG_CXX_LIBRARY = "libc++";
				CLANG_ENABLE_MODULES = YES;
				CLANG_ENABLE_OBJC_ARC = YES;
				CLANG_WARN_BOOL_CONVERSION = YES;
				CLANG_WARN_CONSTANT_CONVERSION = YES;
				CLANG_WARN_DIRECT_OBJC_ISA_USAGE = YES_ERROR;
				CLANG_WARN_EMPTY_BODY = YES;
				CLANG_WARN_ENUM_CONVERSION = YES;
				CLANG_WARN_INT_CONVERSION = YES;
				CLANG_WARN_OBJC_ROOT_CLASS = YES_ERROR;
				CLANG_WARN_UNREACHABLE_CODE = YES;
				CLANG_WARN__DUPLICATE_METHOD_MATCH = YES;
				"CODE_SIGN_IDENTITY[sdk=iphoneos*]" = "iPhone Developer";
				COPY_PHASE_STRIP = NO;
				CURRENT_PROJECT_VERSION = 1;
				DEBUG_INFORMATION_FORMAT = "dwarf-with-dsym";
				ENABLE_NS_ASSERTIONS = NO;
				ENABLE_STRICT_OBJC_MSGSEND = YES;
				GCC_C_LANGUAGE_STANDARD = gnu99;
				GCC_NO_COMMON_BLOCKS = YES;
				GCC_WARN_64_TO_32_BIT_CONVERSION = YES;
				GCC_WARN_ABOUT_RETURN_TYPE = YES_ERROR;
				GCC_WARN_UNDECLARED_SELECTOR = YES;
				GCC_WARN_UNINITIALIZED_AUTOS = YES_AGGRESSIVE;
				GCC_WARN_UNUSED_FUNCTION = YES;
				GCC_WARN_UNUSED_VARIABLE = YES;
				IPHONEOS_DEPLOYMENT_TARGET = 9.3;
				MTL_ENABLE_DEBUG_INFO = NO;
				SDKROOT = iphoneos;
				TARGETED_DEVICE_FAMILY = "1,2";
				VALIDATE_PRODUCT = YES;
				VERSIONING_SYSTEM = "apple-generic";
				VERSION_INFO_PREFIX = "";
			};
			name = Release;
		};
		05E9B2901CF2CCFF003AF75D /* Debug */ = {
			isa = XCBuildConfiguration;
			baseConfigurationReference = 973FFBF3AA71DE728832F84E /* Pods-FutureLocationTests.debug.xcconfig */;
			buildSettings = {
				CLANG_ENABLE_MODULES = YES;
				FRAMEWORK_SEARCH_PATHS = "$(inherited)";
				INFOPLIST_FILE = Info.plist;
				LD_RUNPATH_SEARCH_PATHS = "$(inherited) @executable_path/Frameworks @loader_path/Frameworks";
				PRODUCT_BUNDLE_IDENTIFIER = gnos.us.FutureLocationTests;
				PRODUCT_NAME = "$(TARGET_NAME)";
				SWIFT_OPTIMIZATION_LEVEL = "-Onone";
			};
			name = Debug;
		};
		05E9B2911CF2CCFF003AF75D /* Release */ = {
			isa = XCBuildConfiguration;
			baseConfigurationReference = EA9EC679F7CAA99159CB7E01 /* Pods-FutureLocationTests.release.xcconfig */;
			buildSettings = {
				CLANG_ENABLE_MODULES = YES;
				FRAMEWORK_SEARCH_PATHS = "$(inherited)";
				INFOPLIST_FILE = Info.plist;
				LD_RUNPATH_SEARCH_PATHS = "$(inherited) @executable_path/Frameworks @loader_path/Frameworks";
				PRODUCT_BUNDLE_IDENTIFIER = gnos.us.FutureLocationTests;
				PRODUCT_NAME = "$(TARGET_NAME)";
			};
			name = Release;
		};
/* End XCBuildConfiguration section */

/* Begin XCConfigurationList section */
		05E9B2721CF2CCFF003AF75D /* Build configuration list for PBXProject "FutureLocationTests" */ = {
			isa = XCConfigurationList;
			buildConfigurations = (
				05E9B28A1CF2CCFF003AF75D /* Debug */,
				05E9B28B1CF2CCFF003AF75D /* Release */,
			);
			defaultConfigurationIsVisible = 0;
			defaultConfigurationName = Release;
		};
		05E9B28F1CF2CCFF003AF75D /* Build configuration list for PBXNativeTarget "FutureLocationTests" */ = {
			isa = XCConfigurationList;
			buildConfigurations = (
				05E9B2901CF2CCFF003AF75D /* Debug */,
				05E9B2911CF2CCFF003AF75D /* Release */,
			);
			defaultConfigurationIsVisible = 0;
			defaultConfigurationName = Release;
		};
/* End XCConfigurationList section */
	};
	rootObject = 05E9B26F1CF2CCFF003AF75D /* Project object */;
}
