// !$*UTF8*$!
{
	archiveVersion = 1;
	classes = {
	};
	objectVersion = 46;
	objects = {

/* Begin PBXBuildFile section */
		05D10C931DE225E6008D1D5E /* AppDelegate.swift in Sources */ = {isa = PBXBuildFile; fileRef = 05D10C921DE225E6008D1D5E /* AppDelegate.swift */; };
		05D10C951DE225E6008D1D5E /* ViewController.swift in Sources */ = {isa = PBXBuildFile; fileRef = 05D10C941DE225E6008D1D5E /* ViewController.swift */; };
		05D10C981DE225E6008D1D5E /* Main.storyboard in Resources */ = {isa = PBXBuildFile; fileRef = 05D10C961DE225E6008D1D5E /* Main.storyboard */; };
		05D10CA51DE22DBE008D1D5E /* Images.xcassets in Resources */ = {isa = PBXBuildFile; fileRef = 05D10CA41DE22DBE008D1D5E /* Images.xcassets */; };
		05D10CA91DE22DCF008D1D5E /* Notify.swift in Sources */ = {isa = PBXBuildFile; fileRef = 05D10CA61DE22DCF008D1D5E /* Notify.swift */; };
		05D10CAA1DE22DCF008D1D5E /* ProgressView.swift in Sources */ = {isa = PBXBuildFile; fileRef = 05D10CA71DE22DCF008D1D5E /* ProgressView.swift */; };
		05D10CAB1DE22DCF008D1D5E /* UIAlertControllerExtensions.swift in Sources */ = {isa = PBXBuildFile; fileRef = 05D10CA81DE22DCF008D1D5E /* UIAlertControllerExtensions.swift */; };
		05D10CAE1DE22EE4008D1D5E /* LaunchScreen.xib in Resources */ = {isa = PBXBuildFile; fileRef = 05D10CAC1DE22EE4008D1D5E /* LaunchScreen.xib */; };
		C2F23856632BF224293853D7 /* Pods_Region.framework in Frameworks */ = {isa = PBXBuildFile; fileRef = C34418797317AE20AB611B6A /* Pods_Region.framework */; };
/* End PBXBuildFile section */

/* Begin PBXFileReference section */
		05D10C8F1DE225E6008D1D5E /* Region.app */ = {isa = PBXFileReference; explicitFileType = wrapper.application; includeInIndex = 0; path = Region.app; sourceTree = BUILT_PRODUCTS_DIR; };
		05D10C921DE225E6008D1D5E /* AppDelegate.swift */ = {isa = PBXFileReference; lastKnownFileType = sourcecode.swift; path = AppDelegate.swift; sourceTree = "<group>"; };
		05D10C941DE225E6008D1D5E /* ViewController.swift */ = {isa = PBXFileReference; lastKnownFileType = sourcecode.swift; path = ViewController.swift; sourceTree = "<group>"; };
		05D10C971DE225E6008D1D5E /* Base */ = {isa = PBXFileReference; lastKnownFileType = file.storyboard; name = Base; path = Base.lproj/Main.storyboard; sourceTree = "<group>"; };
		05D10C9E1DE225E6008D1D5E /* Info.plist */ = {isa = PBXFileReference; lastKnownFileType = text.plist.xml; path = Info.plist; sourceTree = "<group>"; };
		05D10CA41DE22DBE008D1D5E /* Images.xcassets */ = {isa = PBXFileReference; lastKnownFileType = folder.assetcatalog; path = Images.xcassets; sourceTree = "<group>"; };
		05D10CA61DE22DCF008D1D5E /* Notify.swift */ = {isa = PBXFileReference; fileEncoding = 4; lastKnownFileType = sourcecode.swift; path = Notify.swift; sourceTree = "<group>"; };
		05D10CA71DE22DCF008D1D5E /* ProgressView.swift */ = {isa = PBXFileReference; fileEncoding = 4; lastKnownFileType = sourcecode.swift; path = ProgressView.swift; sourceTree = "<group>"; };
		05D10CA81DE22DCF008D1D5E /* UIAlertControllerExtensions.swift */ = {isa = PBXFileReference; fileEncoding = 4; lastKnownFileType = sourcecode.swift; path = UIAlertControllerExtensions.swift; sourceTree = "<group>"; };
		05D10CAD1DE22EE4008D1D5E /* Base */ = {isa = PBXFileReference; lastKnownFileType = file.xib; name = Base; path = Base.lproj/LaunchScreen.xib; sourceTree = "<group>"; };
		26F75426D5293608591F107A /* Pods-Region.debug.xcconfig */ = {isa = PBXFileReference; includeInIndex = 1; lastKnownFileType = text.xcconfig; name = "Pods-Region.debug.xcconfig"; path = "Pods/Target Support Files/Pods-Region/Pods-Region.debug.xcconfig"; sourceTree = "<group>"; };
		955C558AC9490F51E3B65EA3 /* Pods-Region.release.xcconfig */ = {isa = PBXFileReference; includeInIndex = 1; lastKnownFileType = text.xcconfig; name = "Pods-Region.release.xcconfig"; path = "Pods/Target Support Files/Pods-Region/Pods-Region.release.xcconfig"; sourceTree = "<group>"; };
		C34418797317AE20AB611B6A /* Pods_Region.framework */ = {isa = PBXFileReference; explicitFileType = wrapper.framework; includeInIndex = 0; path = Pods_Region.framework; sourceTree = BUILT_PRODUCTS_DIR; };
/* End PBXFileReference section */

/* Begin PBXFrameworksBuildPhase section */
		05D10C8C1DE225E6008D1D5E /* Frameworks */ = {
			isa = PBXFrameworksBuildPhase;
			buildActionMask = 2147483647;
			files = (
				C2F23856632BF224293853D7 /* Pods_Region.framework in Frameworks */,
			);
			runOnlyForDeploymentPostprocessing = 0;
		};
/* End PBXFrameworksBuildPhase section */

/* Begin PBXGroup section */
		05D10C861DE225E6008D1D5E = {
			isa = PBXGroup;
			children = (
				05D10C911DE225E6008D1D5E /* Region */,
				05D10C901DE225E6008D1D5E /* Products */,
				93BA01C94E7DAA52119B5D9A /* Pods */,
				981FCE0287D60B151620F8A3 /* Frameworks */,
			);
			sourceTree = "<group>";
		};
		05D10C901DE225E6008D1D5E /* Products */ = {
			isa = PBXGroup;
			children = (
				05D10C8F1DE225E6008D1D5E /* Region.app */,
			);
			name = Products;
			sourceTree = "<group>";
		};
		05D10C911DE225E6008D1D5E /* Region */ = {
			isa = PBXGroup;
			children = (
				05D10CAC1DE22EE4008D1D5E /* LaunchScreen.xib */,
				05D10CA61DE22DCF008D1D5E /* Notify.swift */,
				05D10CA71DE22DCF008D1D5E /* ProgressView.swift */,
				05D10CA81DE22DCF008D1D5E /* UIAlertControllerExtensions.swift */,
				05D10CA41DE22DBE008D1D5E /* Images.xcassets */,
				05D10C921DE225E6008D1D5E /* AppDelegate.swift */,
				05D10C941DE225E6008D1D5E /* ViewController.swift */,
				05D10C961DE225E6008D1D5E /* Main.storyboard */,
				05D10C9E1DE225E6008D1D5E /* Info.plist */,
			);
			path = Region;
			sourceTree = "<group>";
		};
		93BA01C94E7DAA52119B5D9A /* Pods */ = {
			isa = PBXGroup;
			children = (
				26F75426D5293608591F107A /* Pods-Region.debug.xcconfig */,
				955C558AC9490F51E3B65EA3 /* Pods-Region.release.xcconfig */,
			);
			name = Pods;
			sourceTree = "<group>";
		};
		981FCE0287D60B151620F8A3 /* Frameworks */ = {
			isa = PBXGroup;
			children = (
				C34418797317AE20AB611B6A /* Pods_Region.framework */,
			);
			name = Frameworks;
			sourceTree = "<group>";
		};
/* End PBXGroup section */

/* Begin PBXNativeTarget section */
		05D10C8E1DE225E6008D1D5E /* Region */ = {
			isa = PBXNativeTarget;
			buildConfigurationList = 05D10CA11DE225E6008D1D5E /* Build configuration list for PBXNativeTarget "Region" */;
			buildPhases = (
				5A6249F1B541164FCE928145 /* [CP] Check Pods Manifest.lock */,
				05D10C8B1DE225E6008D1D5E /* Sources */,
				05D10C8C1DE225E6008D1D5E /* Frameworks */,
				05D10C8D1DE225E6008D1D5E /* Resources */,
				37397922D375363E4B09BD92 /* [CP] Embed Pods Frameworks */,
				2853D7A365D23519E260A504 /* [CP] Copy Pods Resources */,
			);
			buildRules = (
			);
			dependencies = (
			);
			name = Region;
			productName = Region;
			productReference = 05D10C8F1DE225E6008D1D5E /* Region.app */;
			productType = "com.apple.product-type.application";
		};
/* End PBXNativeTarget section */

/* Begin PBXProject section */
		05D10C871DE225E6008D1D5E /* Project object */ = {
			isa = PBXProject;
			attributes = {
				LastSwiftUpdateCheck = 0810;
				LastUpgradeCheck = 0810;
				ORGANIZATIONNAME = "Troy Stribling";
				TargetAttributes = {
					05D10C8E1DE225E6008D1D5E = {
						CreatedOnToolsVersion = 8.1;
						DevelopmentTeam = HZEX459C37;
						ProvisioningStyle = Automatic;
					};
				};
			};
			buildConfigurationList = 05D10C8A1DE225E6008D1D5E /* Build configuration list for PBXProject "Region" */;
			compatibilityVersion = "Xcode 3.2";
			developmentRegion = English;
			hasScannedForEncodings = 0;
			knownRegions = (
				en,
				Base,
			);
			mainGroup = 05D10C861DE225E6008D1D5E;
			productRefGroup = 05D10C901DE225E6008D1D5E /* Products */;
			projectDirPath = "";
			projectRoot = "";
			targets = (
				05D10C8E1DE225E6008D1D5E /* Region */,
			);
		};
/* End PBXProject section */

/* Begin PBXResourcesBuildPhase section */
		05D10C8D1DE225E6008D1D5E /* Resources */ = {
			isa = PBXResourcesBuildPhase;
			buildActionMask = 2147483647;
			files = (
				05D10CA51DE22DBE008D1D5E /* Images.xcassets in Resources */,
				05D10CAE1DE22EE4008D1D5E /* LaunchScreen.xib in Resources */,
				05D10C981DE225E6008D1D5E /* Main.storyboard in Resources */,
			);
			runOnlyForDeploymentPostprocessing = 0;
		};
/* End PBXResourcesBuildPhase section */

/* Begin PBXShellScriptBuildPhase section */
		2853D7A365D23519E260A504 /* [CP] Copy Pods Resources */ = {
			isa = PBXShellScriptBuildPhase;
			buildActionMask = 2147483647;
			files = (
			);
			inputPaths = (
			);
			name = "[CP] Copy Pods Resources";
			outputPaths = (
			);
			runOnlyForDeploymentPostprocessing = 0;
			shellPath = /bin/sh;
			shellScript = "\"${SRCROOT}/Pods/Target Support Files/Pods-Region/Pods-Region-resources.sh\"\n";
			showEnvVarsInLog = 0;
		};
		37397922D375363E4B09BD92 /* [CP] Embed Pods Frameworks */ = {
			isa = PBXShellScriptBuildPhase;
			buildActionMask = 2147483647;
			files = (
			);
			inputPaths = (
			);
			name = "[CP] Embed Pods Frameworks";
			outputPaths = (
			);
			runOnlyForDeploymentPostprocessing = 0;
			shellPath = /bin/sh;
			shellScript = "\"${SRCROOT}/Pods/Target Support Files/Pods-Region/Pods-Region-frameworks.sh\"\n";
			showEnvVarsInLog = 0;
		};
		5A6249F1B541164FCE928145 /* [CP] Check Pods Manifest.lock */ = {
			isa = PBXShellScriptBuildPhase;
			buildActionMask = 2147483647;
			files = (
			);
			inputPaths = (
			);
			name = "[CP] Check Pods Manifest.lock";
			outputPaths = (
			);
			runOnlyForDeploymentPostprocessing = 0;
			shellPath = /bin/sh;
			shellScript = "diff \"${PODS_ROOT}/../Podfile.lock\" \"${PODS_ROOT}/Manifest.lock\" > /dev/null\nif [ $? != 0 ] ; then\n    # print error to STDERR\n    echo \"error: The sandbox is not in sync with the Podfile.lock. Run 'pod install' or update your CocoaPods installation.\" >&2\n    exit 1\nfi\n";
			showEnvVarsInLog = 0;
		};
/* End PBXShellScriptBuildPhase section */

/* Begin PBXSourcesBuildPhase section */
		05D10C8B1DE225E6008D1D5E /* Sources */ = {
			isa = PBXSourcesBuildPhase;
			buildActionMask = 2147483647;
			files = (
				05D10C951DE225E6008D1D5E /* ViewController.swift in Sources */,
				05D10CAA1DE22DCF008D1D5E /* ProgressView.swift in Sources */,
				05D10CAB1DE22DCF008D1D5E /* UIAlertControllerExtensions.swift in Sources */,
				05D10C931DE225E6008D1D5E /* AppDelegate.swift in Sources */,
				05D10CA91DE22DCF008D1D5E /* Notify.swift in Sources */,
			);
			runOnlyForDeploymentPostprocessing = 0;
		};
/* End PBXSourcesBuildPhase section */

/* Begin PBXVariantGroup section */
		05D10C961DE225E6008D1D5E /* Main.storyboard */ = {
			isa = PBXVariantGroup;
			children = (
				05D10C971DE225E6008D1D5E /* Base */,
			);
			name = Main.storyboard;
			sourceTree = "<group>";
		};
		05D10CAC1DE22EE4008D1D5E /* LaunchScreen.xib */ = {
			isa = PBXVariantGroup;
			children = (
				05D10CAD1DE22EE4008D1D5E /* Base */,
			);
			name = LaunchScreen.xib;
			sourceTree = "<group>";
		};
/* End PBXVariantGroup section */

/* Begin XCBuildConfiguration section */
		05D10C9F1DE225E6008D1D5E /* Debug */ = {
			isa = XCBuildConfiguration;
			buildSettings = {
				ALWAYS_SEARCH_USER_PATHS = NO;
				CLANG_ANALYZER_NONNULL = YES;
				CLANG_CXX_LANGUAGE_STANDARD = "gnu++0x";
				CLANG_CXX_LIBRARY = "libc++";
				CLANG_ENABLE_MODULES = YES;
				CLANG_ENABLE_OBJC_ARC = YES;
				CLANG_WARN_BOOL_CONVERSION = YES;
				CLANG_WARN_CONSTANT_CONVERSION = YES;
				CLANG_WARN_DIRECT_OBJC_ISA_USAGE = YES_ERROR;
				CLANG_WARN_DOCUMENTATION_COMMENTS = YES;
				CLANG_WARN_EMPTY_BODY = YES;
				CLANG_WARN_ENUM_CONVERSION = YES;
				CLANG_WARN_INFINITE_RECURSION = YES;
				CLANG_WARN_INT_CONVERSION = YES;
				CLANG_WARN_OBJC_ROOT_CLASS = YES_ERROR;
				CLANG_WARN_SUSPICIOUS_MOVES = YES;
				CLANG_WARN_UNREACHABLE_CODE = YES;
				CLANG_WARN__DUPLICATE_METHOD_MATCH = YES;
				"CODE_SIGN_IDENTITY[sdk=iphoneos*]" = "iPhone Developer";
				COPY_PHASE_STRIP = NO;
				DEBUG_INFORMATION_FORMAT = dwarf;
				ENABLE_STRICT_OBJC_MSGSEND = YES;
				ENABLE_TESTABILITY = YES;
				GCC_C_LANGUAGE_STANDARD = gnu99;
				GCC_DYNAMIC_NO_PIC = NO;
				GCC_NO_COMMON_BLOCKS = YES;
				GCC_OPTIMIZATION_LEVEL = 0;
				GCC_PREPROCESSOR_DEFINITIONS = (
					"DEBUG=1",
					"$(inherited)",
				);
				GCC_WARN_64_TO_32_BIT_CONVERSION = YES;
				GCC_WARN_ABOUT_RETURN_TYPE = YES_ERROR;
				GCC_WARN_UNDECLARED_SELECTOR = YES;
				GCC_WARN_UNINITIALIZED_AUTOS = YES_AGGRESSIVE;
				GCC_WARN_UNUSED_FUNCTION = YES;
				GCC_WARN_UNUSED_VARIABLE = YES;
				IPHONEOS_DEPLOYMENT_TARGET = 9.0;
				MTL_ENABLE_DEBUG_INFO = YES;
				ONLY_ACTIVE_ARCH = YES;
				SDKROOT = iphoneos;
				SWIFT_ACTIVE_COMPILATION_CONDITIONS = DEBUG;
				SWIFT_OPTIMIZATION_LEVEL = "-Onone";
				SWIFT_VERSION = 3.0.1;
			};
			name = Debug;
		};
		05D10CA01DE225E6008D1D5E /* Release */ = {
			isa = XCBuildConfiguration;
			buildSettings = {
				ALWAYS_SEARCH_USER_PATHS = NO;
				CLANG_ANALYZER_NONNULL = YES;
				CLANG_CXX_LANGUAGE_STANDARD = "gnu++0x";
				CLANG_CXX_LIBRARY = "libc++";
				CLANG_ENABLE_MODULES = YES;
				CLANG_ENABLE_OBJC_ARC = YES;
				CLANG_WARN_BOOL_CONVERSION = YES;
				CLANG_WARN_CONSTANT_CONVERSION = YES;
				CLANG_WARN_DIRECT_OBJC_ISA_USAGE = YES_ERROR;
				CLANG_WARN_DOCUMENTATION_COMMENTS = YES;
				CLANG_WARN_EMPTY_BODY = YES;
				CLANG_WARN_ENUM_CONVERSION = YES;
				CLANG_WARN_INFINITE_RECURSION = YES;
				CLANG_WARN_INT_CONVERSION = YES;
				CLANG_WARN_OBJC_ROOT_CLASS = YES_ERROR;
				CLANG_WARN_SUSPICIOUS_MOVES = YES;
				CLANG_WARN_UNREACHABLE_CODE = YES;
				CLANG_WARN__DUPLICATE_METHOD_MATCH = YES;
				"CODE_SIGN_IDENTITY[sdk=iphoneos*]" = "iPhone Developer";
				COPY_PHASE_STRIP = NO;
				DEBUG_INFORMATION_FORMAT = "dwarf-with-dsym";
				ENABLE_NS_ASSERTIONS = NO;
				ENABLE_STRICT_OBJC_MSGSEND = YES;
				GCC_C_LANGUAGE_STANDARD = gnu99;
				GCC_NO_COMMON_BLOCKS = YES;
				GCC_WARN_64_TO_32_BIT_CONVERSION = YES;
				GCC_WARN_ABOUT_RETURN_TYPE = YES_ERROR;
				GCC_WARN_UNDECLARED_SELECTOR = YES;
				GCC_WARN_UNINITIALIZED_AUTOS = YES_AGGRESSIVE;
				GCC_WARN_UNUSED_FUNCTION = YES;
				GCC_WARN_UNUSED_VARIABLE = YES;
				IPHONEOS_DEPLOYMENT_TARGET = 9.0;
				MTL_ENABLE_DEBUG_INFO = NO;
				SDKROOT = iphoneos;
				SWIFT_OPTIMIZATION_LEVEL = "-Owholemodule";
				SWIFT_VERSION = 3.0.1;
				VALIDATE_PRODUCT = YES;
			};
			name = Release;
		};
		05D10CA21DE225E6008D1D5E /* Debug */ = {
			isa = XCBuildConfiguration;
			baseConfigurationReference = 26F75426D5293608591F107A /* Pods-Region.debug.xcconfig */;
			buildSettings = {
				ASSETCATALOG_COMPILER_APPICON_NAME = AppIcon;
				DEVELOPMENT_TEAM = HZEX459C37;
				INFOPLIST_FILE = Region/Info.plist;
				LD_RUNPATH_SEARCH_PATHS = "$(inherited) @executable_path/Frameworks";
				PRODUCT_BUNDLE_IDENTIFIER = gnos.us.Region;
				PRODUCT_NAME = "$(TARGET_NAME)";
				SWIFT_VERSION = 3.0;
			};
			name = Debug;
		};
		05D10CA31DE225E6008D1D5E /* Release */ = {
			isa = XCBuildConfiguration;
			baseConfigurationReference = 955C558AC9490F51E3B65EA3 /* Pods-Region.release.xcconfig */;
			buildSettings = {
				ASSETCATALOG_COMPILER_APPICON_NAME = AppIcon;
				DEVELOPMENT_TEAM = HZEX459C37;
				INFOPLIST_FILE = Region/Info.plist;
				LD_RUNPATH_SEARCH_PATHS = "$(inherited) @executable_path/Frameworks";
				PRODUCT_BUNDLE_IDENTIFIER = gnos.us.Region;
				PRODUCT_NAME = "$(TARGET_NAME)";
				SWIFT_VERSION = 3.0;
			};
			name = Release;
		};
/* End XCBuildConfiguration section */

/* Begin XCConfigurationList section */
		05D10C8A1DE225E6008D1D5E /* Build configuration list for PBXProject "Region" */ = {
			isa = XCConfigurationList;
			buildConfigurations = (
				05D10C9F1DE225E6008D1D5E /* Debug */,
				05D10CA01DE225E6008D1D5E /* Release */,
			);
			defaultConfigurationIsVisible = 0;
			defaultConfigurationName = Release;
		};
		05D10CA11DE225E6008D1D5E /* Build configuration list for PBXNativeTarget "Region" */ = {
			isa = XCConfigurationList;
			buildConfigurations = (
				05D10CA21DE225E6008D1D5E /* Debug */,
				05D10CA31DE225E6008D1D5E /* Release */,
			);
			defaultConfigurationIsVisible = 0;
			defaultConfigurationName = Release;
		};
/* End XCConfigurationList section */
	};
	rootObject = 05D10C871DE225E6008D1D5E /* Project object */;
}
